# This file is automatically @generated by Cargo.
# It is not intended for manual editing.
version = 4

[[package]]
name = "ironheart-engine"
version = "0.1.0"
dependencies = [
 "ironheart-render",
 "ironheart-sim",
 "ironheart-ui",
]

[[package]]
name = "ironheart-main"
version = "0.1.0"
dependencies = [
 "ironheart-engine",
]

[[package]]
name = "ironheart-render"
version = "0.1.0"

[[package]]
name = "ironheart-sim"
version = "0.1.0"

[[package]]
name = "ironheart-ui"
version = "0.1.0"
dependencies = [
 "ironheart-sim",
]
